
Microsoft Visual Studio Solution File, Format Version 12.00
# Visual Studio Version 16
VisualStudioVersion = 16.0.29306.81
MinimumVisualStudioVersion = 10.0.40219.1
Project("{9A19103F-16F7-4668-BE54-9A1E7A4F7556}") = "EventBus", "EventBus\EventBus.csproj", "{224618E3-4E45-4E39-9933-319F4CEB2DB4}"
EndProject
Project("{2150E333-8FDC-42A3-9474-1A3956D46DE8}") = "Services", "Services", "{EE8F3598-6737-409B-A81D-5BD097E60E53}"
EndProject
Project("{2150E333-8FDC-42A3-9474-1A3956D46DE8}") = "src", "src", "{A5AD9E3D-F071-47AA-BC0B-B75F2278D7CF}"
EndProject
Project("{2150E333-8FDC-42A3-9474-1A3956D46DE8}") = "BuildingBlocks", "BuildingBlocks", "{B28DBC3F-C238-4BB6-AABE-0D0695C19FF4}"
EndProject
Project("{2150E333-8FDC-42A3-9474-1A3956D46DE8}") = "EventBus", "EventBus", "{672CD5B1-78C8-4561-A3C9-2B05DD759E32}"
EndProject
Project("{9A19103F-16F7-4668-BE54-9A1E7A4F7556}") = "Math.API", "Math.API\Math.API.csproj", "{0F9A2B02-23FE-4EC5-9695-95549FA950E3}"
EndProject
Project("{FAE04EC0-301F-11D3-BF4B-00C04F79EFBC}") = "EventBusMSMQ", "EventBusMSMQ\EventBusMSMQ.csproj", "{E26146D2-B5B8-4B58-9C6C-D9A2FA8E8437}"
EndProject
Project("{FAE04EC0-301F-11D3-BF4B-00C04F79EFBC}") = "MathOperationsWorker", "MathOperationsWorker\MathOperationsWorker.csproj", "{78865210-3563-41D2-8168-997BDEC00262}"
EndProject
Global
	GlobalSection(SolutionConfigurationPlatforms) = preSolution
		Debug|Any CPU = Debug|Any CPU
		Debug|ARM = Debug|ARM
		Debug|x64 = Debug|x64
		Debug|x86 = Debug|x86
		Release|Any CPU = Release|Any CPU
		Release|ARM = Release|ARM
		Release|x64 = Release|x64
		Release|x86 = Release|x86
	EndGlobalSection
	GlobalSection(ProjectConfigurationPlatforms) = postSolution
		{224618E3-4E45-4E39-9933-319F4CEB2DB4}.Debug|Any CPU.ActiveCfg = Debug|Any CPU
		{224618E3-4E45-4E39-9933-319F4CEB2DB4}.Debug|Any CPU.Build.0 = Debug|Any CPU
		{224618E3-4E45-4E39-9933-319F4CEB2DB4}.Debug|ARM.ActiveCfg = Debug|Any CPU
		{224618E3-4E45-4E39-9933-319F4CEB2DB4}.Debug|ARM.Build.0 = Debug|Any CPU
		{224618E3-4E45-4E39-9933-319F4CEB2DB4}.Debug|x64.ActiveCfg = Debug|Any CPU
		{224618E3-4E45-4E39-9933-319F4CEB2DB4}.Debug|x64.Build.0 = Debug|Any CPU
		{224618E3-4E45-4E39-9933-319F4CEB2DB4}.Debug|x86.ActiveCfg = Debug|Any CPU
		{224618E3-4E45-4E39-9933-319F4CEB2DB4}.Debug|x86.Build.0 = Debug|Any CPU
		{224618E3-4E45-4E39-9933-319F4CEB2DB4}.Release|Any CPU.ActiveCfg = Release|Any CPU
		{224618E3-4E45-4E39-9933-319F4CEB2DB4}.Release|Any CPU.Build.0 = Release|Any CPU
		{224618E3-4E45-4E39-9933-319F4CEB2DB4}.Release|ARM.ActiveCfg = Release|Any CPU
		{224618E3-4E45-4E39-9933-319F4CEB2DB4}.Release|ARM.Build.0 = Release|Any CPU
		{224618E3-4E45-4E39-9933-319F4CEB2DB4}.Release|x64.ActiveCfg = Release|Any CPU
		{224618E3-4E45-4E39-9933-319F4CEB2DB4}.Release|x64.Build.0 = Release|Any CPU
		{224618E3-4E45-4E39-9933-319F4CEB2DB4}.Release|x86.ActiveCfg = Release|Any CPU
		{224618E3-4E45-4E39-9933-319F4CEB2DB4}.Release|x86.Build.0 = Release|Any CPU
		{0F9A2B02-23FE-4EC5-9695-95549FA950E3}.Debug|Any CPU.ActiveCfg = Debug|Any CPU
		{0F9A2B02-23FE-4EC5-9695-95549FA950E3}.Debug|Any CPU.Build.0 = Debug|Any CPU
		{0F9A2B02-23FE-4EC5-9695-95549FA950E3}.Debug|ARM.ActiveCfg = Debug|Any CPU
		{0F9A2B02-23FE-4EC5-9695-95549FA950E3}.Debug|ARM.Build.0 = Debug|Any CPU
		{0F9A2B02-23FE-4EC5-9695-95549FA950E3}.Debug|x64.ActiveCfg = Debug|Any CPU
		{0F9A2B02-23FE-4EC5-9695-95549FA950E3}.Debug|x64.Build.0 = Debug|Any CPU
		{0F9A2B02-23FE-4EC5-9695-95549FA950E3}.Debug|x86.ActiveCfg = Debug|Any CPU
		{0F9A2B02-23FE-4EC5-9695-95549FA950E3}.Debug|x86.Build.0 = Debug|Any CPU
		{0F9A2B02-23FE-4EC5-9695-95549FA950E3}.Release|Any CPU.ActiveCfg = Release|Any CPU
		{0F9A2B02-23FE-4EC5-9695-95549FA950E3}.Release|Any CPU.Build.0 = Release|Any CPU
		{0F9A2B02-23FE-4EC5-9695-95549FA950E3}.Release|ARM.ActiveCfg = Release|Any CPU
		{0F9A2B02-23FE-4EC5-9695-95549FA950E3}.Release|ARM.Build.0 = Release|Any CPU
		{0F9A2B02-23FE-4EC5-9695-95549FA950E3}.Release|x64.ActiveCfg = Release|Any CPU
		{0F9A2B02-23FE-4EC5-9695-95549FA950E3}.Release|x64.Build.0 = Release|Any CPU
		{0F9A2B02-23FE-4EC5-9695-95549FA950E3}.Release|x86.ActiveCfg = Release|Any CPU
		{0F9A2B02-23FE-4EC5-9695-95549FA950E3}.Release|x86.Build.0 = Release|Any CPU
		{E26146D2-B5B8-4B58-9C6C-D9A2FA8E8437}.Debug|Any CPU.ActiveCfg = Debug|Any CPU
		{E26146D2-B5B8-4B58-9C6C-D9A2FA8E8437}.Debug|Any CPU.Build.0 = Debug|Any CPU
		{E26146D2-B5B8-4B58-9C6C-D9A2FA8E8437}.Debug|ARM.ActiveCfg = Debug|Any CPU
		{E26146D2-B5B8-4B58-9C6C-D9A2FA8E8437}.Debug|ARM.Build.0 = Debug|Any CPU
		{E26146D2-B5B8-4B58-9C6C-D9A2FA8E8437}.Debug|x64.ActiveCfg = Debug|Any CPU
		{E26146D2-B5B8-4B58-9C6C-D9A2FA8E8437}.Debug|x64.Build.0 = Debug|Any CPU
		{E26146D2-B5B8-4B58-9C6C-D9A2FA8E8437}.Debug|x86.ActiveCfg = Debug|Any CPU
		{E26146D2-B5B8-4B58-9C6C-D9A2FA8E8437}.Debug|x86.Build.0 = Debug|Any CPU
		{E26146D2-B5B8-4B58-9C6C-D9A2FA8E8437}.Release|Any CPU.ActiveCfg = Release|Any CPU
		{E26146D2-B5B8-4B58-9C6C-D9A2FA8E8437}.Release|Any CPU.Build.0 = Release|Any CPU
		{E26146D2-B5B8-4B58-9C6C-D9A2FA8E8437}.Release|ARM.ActiveCfg = Release|Any CPU
		{E26146D2-B5B8-4B58-9C6C-D9A2FA8E8437}.Release|ARM.Build.0 = Release|Any CPU
		{E26146D2-B5B8-4B58-9C6C-D9A2FA8E8437}.Release|x64.ActiveCfg = Release|Any CPU
		{E26146D2-B5B8-4B58-9C6C-D9A2FA8E8437}.Release|x64.Build.0 = Release|Any CPU
		{E26146D2-B5B8-4B58-9C6C-D9A2FA8E8437}.Release|x86.ActiveCfg = Release|Any CPU
		{E26146D2-B5B8-4B58-9C6C-D9A2FA8E8437}.Release|x86.Build.0 = Release|Any CPU
		{78865210-3563-41D2-8168-997BDEC00262}.Debug|Any CPU.ActiveCfg = Debug|Any CPU
		{78865210-3563-41D2-8168-997BDEC00262}.Debug|Any CPU.Build.0 = Debug|Any CPU
		{78865210-3563-41D2-8168-997BDEC00262}.Debug|ARM.ActiveCfg = Debug|Any CPU
		{78865210-3563-41D2-8168-997BDEC00262}.Debug|ARM.Build.0 = Debug|Any CPU
		{78865210-3563-41D2-8168-997BDEC00262}.Debug|x64.ActiveCfg = Debug|Any CPU
		{78865210-3563-41D2-8168-997BDEC00262}.Debug|x64.Build.0 = Debug|Any CPU
		{78865210-3563-41D2-8168-997BDEC00262}.Debug|x86.ActiveCfg = Debug|Any CPU
		{78865210-3563-41D2-8168-997BDEC00262}.Debug|x86.Build.0 = Debug|Any CPU
		{78865210-3563-41D2-8168-997BDEC00262}.Release|Any CPU.ActiveCfg = Release|Any CPU
		{78865210-3563-41D2-8168-997BDEC00262}.Release|Any CPU.Build.0 = Release|Any CPU
		{78865210-3563-41D2-8168-997BDEC00262}.Release|ARM.ActiveCfg = Release|Any CPU
		{78865210-3563-41D2-8168-997BDEC00262}.Release|ARM.Build.0 = Release|Any CPU
		{78865210-3563-41D2-8168-997BDEC00262}.Release|x64.ActiveCfg = Release|Any CPU
		{78865210-3563-41D2-8168-997BDEC00262}.Release|x64.Build.0 = Release|Any CPU
		{78865210-3563-41D2-8168-997BDEC00262}.Release|x86.ActiveCfg = Release|Any CPU
		{78865210-3563-41D2-8168-997BDEC00262}.Release|x86.Build.0 = Release|Any CPU
	EndGlobalSection
	GlobalSection(SolutionProperties) = preSolution
		HideSolutionNode = FALSE
	EndGlobalSection
	GlobalSection(NestedProjects) = preSolution
		{224618E3-4E45-4E39-9933-319F4CEB2DB4} = {672CD5B1-78C8-4561-A3C9-2B05DD759E32}
		{EE8F3598-6737-409B-A81D-5BD097E60E53} = {A5AD9E3D-F071-47AA-BC0B-B75F2278D7CF}
		{B28DBC3F-C238-4BB6-AABE-0D0695C19FF4} = {A5AD9E3D-F071-47AA-BC0B-B75F2278D7CF}
		{672CD5B1-78C8-4561-A3C9-2B05DD759E32} = {B28DBC3F-C238-4BB6-AABE-0D0695C19FF4}
		{0F9A2B02-23FE-4EC5-9695-95549FA950E3} = {EE8F3598-6737-409B-A81D-5BD097E60E53}
		{E26146D2-B5B8-4B58-9C6C-D9A2FA8E8437} = {672CD5B1-78C8-4561-A3C9-2B05DD759E32}
		{78865210-3563-41D2-8168-997BDEC00262} = {EE8F3598-6737-409B-A81D-5BD097E60E53}
	EndGlobalSection
	GlobalSection(ExtensibilityGlobals) = postSolution
		SolutionGuid = {4BD5B00C-70C2-4FFE-BACA-8DBCE264AA10}
	EndGlobalSection
EndGlobal
